
Microsoft Visual Studio Solution File, Format Version 12.00
# Visual Studio 15
VisualStudioVersion = 15.0.28010.2026
MinimumVisualStudioVersion = 10.0.40219.1
Project("{FAE04EC0-301F-11D3-BF4B-00C04F79EFBC}") = "FakerConsole", "FakerProgram\FakerConsole.csproj", "{EA56841A-F93B-405C-80A2-6A4D0A3BBD8B}"
EndProject
Project("{FAE04EC0-301F-11D3-BF4B-00C04F79EFBC}") = "FakerLibrary", "FakerLibrary\FakerLibrary.csproj", "{25D2494C-802B-47F2-BBEB-99E9FD457313}"
EndProject
Project("{FAE04EC0-301F-11D3-BF4B-00C04F79EFBC}") = "Generators", "Generators\Generators.csproj", "{D0A9EA1E-F6F5-4038-BDEA-DCCA873AAF51}"
EndProject
Project("{FAE04EC0-301F-11D3-BF4B-00C04F79EFBC}") = "Plugins", "Plugins\Plugins.csproj", "{85C293DE-4FF9-4025-A729-93D1B61B76F2}"
EndProject
Global
	GlobalSection(SolutionConfigurationPlatforms) = preSolution
		Debug|Any CPU = Debug|Any CPU
		Release|Any CPU = Release|Any CPU
	EndGlobalSection
	GlobalSection(ProjectConfigurationPlatforms) = postSolution
		{EA56841A-F93B-405C-80A2-6A4D0A3BBD8B}.Debug|Any CPU.ActiveCfg = Debug|Any CPU
		{EA56841A-F93B-405C-80A2-6A4D0A3BBD8B}.Debug|Any CPU.Build.0 = Debug|Any CPU
		{EA56841A-F93B-405C-80A2-6A4D0A3BBD8B}.Release|Any CPU.ActiveCfg = Release|Any CPU
		{EA56841A-F93B-405C-80A2-6A4D0A3BBD8B}.Release|Any CPU.Build.0 = Release|Any CPU
		{25D2494C-802B-47F2-BBEB-99E9FD457313}.Debug|Any CPU.ActiveCfg = Debug|Any CPU
		{25D2494C-802B-47F2-BBEB-99E9FD457313}.Debug|Any CPU.Build.0 = Debug|Any CPU
		{25D2494C-802B-47F2-BBEB-99E9FD457313}.Release|Any CPU.ActiveCfg = Release|Any CPU
		{25D2494C-802B-47F2-BBEB-99E9FD457313}.Release|Any CPU.Build.0 = Release|Any CPU
		{D0A9EA1E-F6F5-4038-BDEA-DCCA873AAF51}.Debug|Any CPU.ActiveCfg = Debug|Any CPU
		{D0A9EA1E-F6F5-4038-BDEA-DCCA873AAF51}.Debug|Any CPU.Build.0 = Debug|Any CPU
		{D0A9EA1E-F6F5-4038-BDEA-DCCA873AAF51}.Release|Any CPU.ActiveCfg = Release|Any CPU
		{D0A9EA1E-F6F5-4038-BDEA-DCCA873AAF51}.Release|Any CPU.Build.0 = Release|Any CPU
		{85C293DE-4FF9-4025-A729-93D1B61B76F2}.Debug|Any CPU.ActiveCfg = Debug|Any CPU
		{85C293DE-4FF9-4025-A729-93D1B61B76F2}.Debug|Any CPU.Build.0 = Debug|Any CPU
		{85C293DE-4FF9-4025-A729-93D1B61B76F2}.Release|Any CPU.ActiveCfg = Release|Any CPU
		{85C293DE-4FF9-4025-A729-93D1B61B76F2}.Release|Any CPU.Build.0 = Release|Any CPU
	EndGlobalSection
	GlobalSection(SolutionProperties) = preSolution
		HideSolutionNode = FALSE
	EndGlobalSection
	GlobalSection(ExtensibilityGlobals) = postSolution
		SolutionGuid = {D1FC3BD4-BD96-4CB9-A18C-976C20CC178F}
	EndGlobalSection
EndGlobal
